// !$*UTF8*$!
{
	archiveVersion = 1;
	classes = {
	};
	objectVersion = 46;
	objects = {

/* Begin PBXBuildFile section */
		FB39ED811EAD54A800D9FC47 /* AppDelegate.swift in Sources */ = {isa = PBXBuildFile; fileRef = FB39ED801EAD54A800D9FC47 /* AppDelegate.swift */; };
		FB39ED831EAD54A800D9FC47 /* MainVC.swift in Sources */ = {isa = PBXBuildFile; fileRef = FB39ED821EAD54A800D9FC47 /* MainVC.swift */; };
		FB39ED861EAD54A800D9FC47 /* Main.storyboard in Resources */ = {isa = PBXBuildFile; fileRef = FB39ED841EAD54A800D9FC47 /* Main.storyboard */; };
		FB39ED881EAD54A800D9FC47 /* Assets.xcassets in Resources */ = {isa = PBXBuildFile; fileRef = FB39ED871EAD54A800D9FC47 /* Assets.xcassets */; };
		FB39ED8B1EAD54A800D9FC47 /* LaunchScreen.storyboard in Resources */ = {isa = PBXBuildFile; fileRef = FB39ED891EAD54A800D9FC47 /* LaunchScreen.storyboard */; };
		FB39ED931EAD573800D9FC47 /* pokemon.csv in Resources */ = {isa = PBXBuildFile; fileRef = FB39ED921EAD573800D9FC47 /* pokemon.csv */; };
		FB39ED981EAD589100D9FC47 /* Pokemon.swift in Sources */ = {isa = PBXBuildFile; fileRef = FB39ED971EAD589100D9FC47 /* Pokemon.swift */; };
/* End PBXBuildFile section */

/* Begin PBXFileReference section */
		FB39ED7D1EAD54A800D9FC47 /* Pokedex.app */ = {isa = PBXFileReference; explicitFileType = wrapper.application; includeInIndex = 0; path = Pokedex.app; sourceTree = BUILT_PRODUCTS_DIR; };
		FB39ED801EAD54A800D9FC47 /* AppDelegate.swift */ = {isa = PBXFileReference; lastKnownFileType = sourcecode.swift; path = AppDelegate.swift; sourceTree = "<group>"; };
		FB39ED821EAD54A800D9FC47 /* MainVC.swift */ = {isa = PBXFileReference; lastKnownFileType = sourcecode.swift; path = MainVC.swift; sourceTree = "<group>"; };
		FB39ED851EAD54A800D9FC47 /* Base */ = {isa = PBXFileReference; lastKnownFileType = file.storyboard; name = Base; path = Base.lproj/Main.storyboard; sourceTree = "<group>"; };
		FB39ED871EAD54A800D9FC47 /* Assets.xcassets */ = {isa = PBXFileReference; lastKnownFileType = folder.assetcatalog; path = Assets.xcassets; sourceTree = "<group>"; };
		FB39ED8A1EAD54A800D9FC47 /* Base */ = {isa = PBXFileReference; lastKnownFileType = file.storyboard; name = Base; path = Base.lproj/LaunchScreen.storyboard; sourceTree = "<group>"; };
		FB39ED8C1EAD54A800D9FC47 /* Info.plist */ = {isa = PBXFileReference; lastKnownFileType = text.plist.xml; path = Info.plist; sourceTree = "<group>"; };
		FB39ED921EAD573800D9FC47 /* pokemon.csv */ = {isa = PBXFileReference; fileEncoding = 4; lastKnownFileType = text; path = pokemon.csv; sourceTree = "<group>"; };
		FB39ED971EAD589100D9FC47 /* Pokemon.swift */ = {isa = PBXFileReference; fileEncoding = 4; lastKnownFileType = sourcecode.swift; path = Pokemon.swift; sourceTree = "<group>"; };
/* End PBXFileReference section */

/* Begin PBXFrameworksBuildPhase section */
		FB39ED7A1EAD54A800D9FC47 /* Frameworks */ = {
			isa = PBXFrameworksBuildPhase;
			buildActionMask = 2147483647;
			files = (
			);
			runOnlyForDeploymentPostprocessing = 0;
		};
/* End PBXFrameworksBuildPhase section */

/* Begin PBXGroup section */
		FB39ED741EAD54A800D9FC47 = {
			isa = PBXGroup;
			children = (
				FB39ED7F1EAD54A800D9FC47 /* Pokedex */,
				FB39ED7E1EAD54A800D9FC47 /* Products */,
			);
			sourceTree = "<group>";
		};
		FB39ED7E1EAD54A800D9FC47 /* Products */ = {
			isa = PBXGroup;
			children = (
				FB39ED7D1EAD54A800D9FC47 /* Pokedex.app */,
			);
			name = Products;
			sourceTree = "<group>";
		};
		FB39ED7F1EAD54A800D9FC47 /* Pokedex */ = {
			isa = PBXGroup;
			children = (
				FB39ED941EAD585B00D9FC47 /* Model */,
				FB39ED951EAD586000D9FC47 /* View */,
				FB39ED961EAD586600D9FC47 /* Controller */,
				FB39ED801EAD54A800D9FC47 /* AppDelegate.swift */,
				FB39ED821EAD54A800D9FC47 /* MainVC.swift */,
				FB39ED841EAD54A800D9FC47 /* Main.storyboard */,
				FB39ED871EAD54A800D9FC47 /* Assets.xcassets */,
				FB39ED921EAD573800D9FC47 /* pokemon.csv */,
				FB39ED891EAD54A800D9FC47 /* LaunchScreen.storyboard */,
				FB39ED8C1EAD54A800D9FC47 /* Info.plist */,
			);
			path = Pokedex;
			sourceTree = "<group>";
		};
		FB39ED941EAD585B00D9FC47 /* Model */ = {
			isa = PBXGroup;
			children = (
				FB39ED971EAD589100D9FC47 /* Pokemon.swift */,
			);
			name = Model;
			sourceTree = "<group>";
		};
		FB39ED951EAD586000D9FC47 /* View */ = {
			isa = PBXGroup;
			children = (
			);
			name = View;
			sourceTree = "<group>";
		};
		FB39ED961EAD586600D9FC47 /* Controller */ = {
			isa = PBXGroup;
			children = (
			);
			name = Controller;
			sourceTree = "<group>";
		};
/* End PBXGroup section */

/* Begin PBXNativeTarget section */
		FB39ED7C1EAD54A800D9FC47 /* Pokedex */ = {
			isa = PBXNativeTarget;
			buildConfigurationList = FB39ED8F1EAD54A800D9FC47 /* Build configuration list for PBXNativeTarget "Pokedex" */;
			buildPhases = (
				FB39ED791EAD54A800D9FC47 /* Sources */,
				FB39ED7A1EAD54A800D9FC47 /* Frameworks */,
				FB39ED7B1EAD54A800D9FC47 /* Resources */,
			);
			buildRules = (
			);
			dependencies = (
			);
			name = Pokedex;
			productName = Pokedex;
			productReference = FB39ED7D1EAD54A800D9FC47 /* Pokedex.app */;
			productType = "com.apple.product-type.application";
		};
/* End PBXNativeTarget section */

/* Begin PBXProject section */
		FB39ED751EAD54A800D9FC47 /* Project object */ = {
			isa = PBXProject;
			attributes = {
				LastSwiftUpdateCheck = 0830;
				LastUpgradeCheck = 0830;
				ORGANIZATIONNAME = "Obosa Osagie-Amayo";
				TargetAttributes = {
					FB39ED7C1EAD54A800D9FC47 = {
						CreatedOnToolsVersion = 8.3;
						DevelopmentTeam = CW9WHMSDQ7;
						ProvisioningStyle = Automatic;
					};
				};
			};
			buildConfigurationList = FB39ED781EAD54A800D9FC47 /* Build configuration list for PBXProject "Pokedex" */;
			compatibilityVersion = "Xcode 3.2";
			developmentRegion = English;
			hasScannedForEncodings = 0;
			knownRegions = (
				en,
				Base,
			);
			mainGroup = FB39ED741EAD54A800D9FC47;
			productRefGroup = FB39ED7E1EAD54A800D9FC47 /* Products */;
			projectDirPath = "";
			projectRoot = "";
			targets = (
				FB39ED7C1EAD54A800D9FC47 /* Pokedex */,
			);
		};
/* End PBXProject section */

/* Begin PBXResourcesBuildPhase section */
		FB39ED7B1EAD54A800D9FC47 /* Resources */ = {
			isa = PBXResourcesBuildPhase;
			buildActionMask = 2147483647;
			files = (
				FB39ED8B1EAD54A800D9FC47 /* LaunchScreen.storyboard in Resources */,
				FB39ED881EAD54A800D9FC47 /* Assets.xcassets in Resources */,
				FB39ED931EAD573800D9FC47 /* pokemon.csv in Resources */,
				FB39ED861EAD54A800D9FC47 /* Main.storyboard in Resources */,
			);
			runOnlyForDeploymentPostprocessing = 0;
		};
/* End PBXResourcesBuildPhase section */

/* Begin PBXSourcesBuildPhase section */
		FB39ED791EAD54A800D9FC47 /* Sources */ = {
			isa = PBXSourcesBuildPhase;
			buildActionMask = 2147483647;
			files = (
				FB39ED831EAD54A800D9FC47 /* MainVC.swift in Sources */,
				FB39ED811EAD54A800D9FC47 /* AppDelegate.swift in Sources */,
				FB39ED981EAD589100D9FC47 /* Pokemon.swift in Sources */,
			);
			runOnlyForDeploymentPostprocessing = 0;
		};
/* End PBXSourcesBuildPhase section */

/* Begin PBXVariantGroup section */
		FB39ED841EAD54A800D9FC47 /* Main.storyboard */ = {
			isa = PBXVariantGroup;
			children = (
				FB39ED851EAD54A800D9FC47 /* Base */,
			);
			name = Main.storyboard;
			sourceTree = "<group>";
		};
		FB39ED891EAD54A800D9FC47 /* LaunchScreen.storyboard */ = {
			isa = PBXVariantGroup;
			children = (
				FB39ED8A1EAD54A800D9FC47 /* Base */,
			);
			name = LaunchScreen.storyboard;
			sourceTree = "<group>";
		};
/* End PBXVariantGroup section */

/* Begin XCBuildConfiguration section */
		FB39ED8D1EAD54A800D9FC47 /* Debug */ = {
			isa = XCBuildConfiguration;
			buildSettings = {
				ALWAYS_SEARCH_USER_PATHS = NO;
				CLANG_ANALYZER_NONNULL = YES;
				CLANG_ANALYZER_NUMBER_OBJECT_CONVERSION = YES_AGGRESSIVE;
				CLANG_CXX_LANGUAGE_STANDARD = "gnu++0x";
				CLANG_CXX_LIBRARY = "libc++";
				CLANG_ENABLE_MODULES = YES;
				CLANG_ENABLE_OBJC_ARC = YES;
				CLANG_WARN_BOOL_CONVERSION = YES;
				CLANG_WARN_CONSTANT_CONVERSION = YES;
				CLANG_WARN_DIRECT_OBJC_ISA_USAGE = YES_ERROR;
				CLANG_WARN_DOCUMENTATION_COMMENTS = YES;
				CLANG_WARN_EMPTY_BODY = YES;
				CLANG_WARN_ENUM_CONVERSION = YES;
				CLANG_WARN_INFINITE_RECURSION = YES;
				CLANG_WARN_INT_CONVERSION = YES;
				CLANG_WARN_OBJC_ROOT_CLASS = YES_ERROR;
				CLANG_WARN_SUSPICIOUS_MOVE = YES;
				CLANG_WARN_UNREACHABLE_CODE = YES;
				CLANG_WARN__DUPLICATE_METHOD_MATCH = YES;
				"CODE_SIGN_IDENTITY[sdk=iphoneos*]" = "iPhone Developer";
				COPY_PHASE_STRIP = NO;
				DEBUG_INFORMATION_FORMAT = dwarf;
				ENABLE_STRICT_OBJC_MSGSEND = YES;
				ENABLE_TESTABILITY = YES;
				GCC_C_LANGUAGE_STANDARD = gnu99;
				GCC_DYNAMIC_NO_PIC = NO;
				GCC_NO_COMMON_BLOCKS = YES;
				GCC_OPTIMIZATION_LEVEL = 0;
				GCC_PREPROCESSOR_DEFINITIONS = (
					"DEBUG=1",
					"$(inherited)",
				);
				GCC_WARN_64_TO_32_BIT_CONVERSION = YES;
				GCC_WARN_ABOUT_RETURN_TYPE = YES_ERROR;
				GCC_WARN_UNDECLARED_SELECTOR = YES;
				GCC_WARN_UNINITIALIZED_AUTOS = YES_AGGRESSIVE;
				GCC_WARN_UNUSED_FUNCTION = YES;
				GCC_WARN_UNUSED_VARIABLE = YES;
				IPHONEOS_DEPLOYMENT_TARGET = 10.3;
				MTL_ENABLE_DEBUG_INFO = YES;
				ONLY_ACTIVE_ARCH = YES;
				SDKROOT = iphoneos;
				SWIFT_ACTIVE_COMPILATION_CONDITIONS = DEBUG;
				SWIFT_OPTIMIZATION_LEVEL = "-Onone";
				TARGETED_DEVICE_FAMILY = "1,2";
			};
			name = Debug;
		};
		FB39ED8E1EAD54A800D9FC47 /* Release */ = {
			isa = XCBuildConfiguration;
			buildSettings = {
				ALWAYS_SEARCH_USER_PATHS = NO;
				CLANG_ANALYZER_NONNULL = YES;
				CLANG_ANALYZER_NUMBER_OBJECT_CONVERSION = YES_AGGRESSIVE;
				CLANG_CXX_LANGUAGE_STANDARD = "gnu++0x";
				CLANG_CXX_LIBRARY = "libc++";
				CLANG_ENABLE_MODULES = YES;
				CLANG_ENABLE_OBJC_ARC = YES;
				CLANG_WARN_BOOL_CONVERSION = YES;
				CLANG_WARN_CONSTANT_CONVERSION = YES;
				CLANG_WARN_DIRECT_OBJC_ISA_USAGE = YES_ERROR;
				CLANG_WARN_DOCUMENTATION_COMMENTS = YES;
				CLANG_WARN_EMPTY_BODY = YES;
				CLANG_WARN_ENUM_CONVERSION = YES;
				CLANG_WARN_INFINITE_RECURSION = YES;
				CLANG_WARN_INT_CONVERSION = YES;
				CLANG_WARN_OBJC_ROOT_CLASS = YES_ERROR;
				CLANG_WARN_SUSPICIOUS_MOVE = YES;
				CLANG_WARN_UNREACHABLE_CODE = YES;
				CLANG_WARN__DUPLICATE_METHOD_MATCH = YES;
				"CODE_SIGN_IDENTITY[sdk=iphoneos*]" = "iPhone Developer";
				COPY_PHASE_STRIP = NO;
				DEBUG_INFORMATION_FORMAT = "dwarf-with-dsym";
				ENABLE_NS_ASSERTIONS = NO;
				ENABLE_STRICT_OBJC_MSGSEND = YES;
				GCC_C_LANGUAGE_STANDARD = gnu99;
				GCC_NO_COMMON_BLOCKS = YES;
				GCC_WARN_64_TO_32_BIT_CONVERSION = YES;
				GCC_WARN_ABOUT_RETURN_TYPE = YES_ERROR;
				GCC_WARN_UNDECLARED_SELECTOR = YES;
				GCC_WARN_UNINITIALIZED_AUTOS = YES_AGGRESSIVE;
				GCC_WARN_UNUSED_FUNCTION = YES;
				GCC_WARN_UNUSED_VARIABLE = YES;
				IPHONEOS_DEPLOYMENT_TARGET = 10.3;
				MTL_ENABLE_DEBUG_INFO = NO;
				SDKROOT = iphoneos;
				SWIFT_OPTIMIZATION_LEVEL = "-Owholemodule";
				TARGETED_DEVICE_FAMILY = "1,2";
				VALIDATE_PRODUCT = YES;
			};
			name = Release;
		};
		FB39ED901EAD54A800D9FC47 /* Debug */ = {
			isa = XCBuildConfiguration;
			buildSettings = {
				ASSETCATALOG_COMPILER_APPICON_NAME = AppIcon;
				DEVELOPMENT_TEAM = CW9WHMSDQ7;
				INFOPLIST_FILE = Pokedex/Info.plist;
				LD_RUNPATH_SEARCH_PATHS = "$(inherited) @executable_path/Frameworks";
				PRODUCT_BUNDLE_IDENTIFIER = "com.obosa-osagie-amayo.Pokedex";
				PRODUCT_NAME = "$(TARGET_NAME)";
				SWIFT_VERSION = 3.0;
			};
			name = Debug;
		};
		FB39ED911EAD54A800D9FC47 /* Release */ = {
			isa = XCBuildConfiguration;
			buildSettings = {
				ASSETCATALOG_COMPILER_APPICON_NAME = AppIcon;
				DEVELOPMENT_TEAM = CW9WHMSDQ7;
				INFOPLIST_FILE = Pokedex/Info.plist;
				LD_RUNPATH_SEARCH_PATHS = "$(inherited) @executable_path/Frameworks";
				PRODUCT_BUNDLE_IDENTIFIER = "com.obosa-osagie-amayo.Pokedex";
				PRODUCT_NAME = "$(TARGET_NAME)";
				SWIFT_VERSION = 3.0;
			};
			name = Release;
		};
/* End XCBuildConfiguration section */

/* Begin XCConfigurationList section */
		FB39ED781EAD54A800D9FC47 /* Build configuration list for PBXProject "Pokedex" */ = {
			isa = XCConfigurationList;
			buildConfigurations = (
				FB39ED8D1EAD54A800D9FC47 /* Debug */,
				FB39ED8E1EAD54A800D9FC47 /* Release */,
			);
			defaultConfigurationIsVisible = 0;
			defaultConfigurationName = Release;
		};
		FB39ED8F1EAD54A800D9FC47 /* Build configuration list for PBXNativeTarget "Pokedex" */ = {
			isa = XCConfigurationList;
			buildConfigurations = (
				FB39ED901EAD54A800D9FC47 /* Debug */,
				FB39ED911EAD54A800D9FC47 /* Release */,
			);
			defaultConfigurationIsVisible = 0;
		};
/* End XCConfigurationList section */
	};
	rootObject = FB39ED751EAD54A800D9FC47 /* Project object */;
}
